{
  "name": "@ornery/ui-grid",
  "version": "1.0.0",
  "lockfileVersion": 3,
  "requires": true,
  "packages": {
    "": {
      "name": "@ornery/ui-grid",
      "version": "1.0.0",
      "dependencies": {
        "@ornery/ui-grid-core": "1.0.0"
      },
      "peerDependencies": {
        "@angular/cdk": "^21.2.8",
        "@angular/common": "^21.2.0",
        "@angular/core": "^21.2.0",
        "@angular/elements": "^21.2.10",
        "@angular/platform-browser": "^21.2.0",
        "rxjs": "~7.8.0",
        "tslib": "^2.3.0"
      }
    },
    "node_modules/@angular/cdk": {
      "version": "21.2.9",
      "resolved": "https://registry.npmjs.org/@angular/cdk/-/cdk-21.2.9.tgz",
      "integrity": "sha512-0JXsr8f7xjV2815esTSq4+zGqWMa0CyNT/DV1F7lYS6qkYXcFdYUzGcd/WjNL05VKkajkSkWmTi6uyVsOpYdGA==",
      "license": "MIT",
      "peer": true,
      "dependencies": {
        "parse5": "^8.0.0",
        "tslib": "^2.3.0"
      },
      "peerDependencies": {
        "@angular/common": "^21.0.0 || ^22.0.0",
        "@angular/core": "^21.0.0 || ^22.0.0",
        "@angular/platform-browser": "^21.0.0 || ^22.0.0",
        "rxjs": "^6.5.3 || ^7.4.0"
      }
    },
    "node_modules/@angular/common": {
      "version": "21.2.11",
      "resolved": "https://registry.npmjs.org/@angular/common/-/common-21.2.11.tgz",
      "integrity": "sha512-3Z3SABXpzM6fkX21WCRP6IwrjxNQVHM/3Fk2OXScExOAzpaOpS2bDgS4NB6rtCbmzKL/NFSp7ZPIZigfdqnWGw==",
      "license": "MIT",
      "peer": true,
      "dependencies": {
        "tslib": "^2.3.0"
      },
      "engines": {
        "node": "^20.19.0 || ^22.12.0 || >=24.0.0"
      },
      "peerDependencies": {
        "@angular/core": "21.2.11",
        "rxjs": "^6.5.3 || ^7.4.0"
      }
    },
    "node_modules/@angular/core": {
      "version": "21.2.11",
      "resolved": "https://registry.npmjs.org/@angular/core/-/core-21.2.11.tgz",
      "integrity": "sha512-EULAfQ0m/I9hZJes74OFlrnfDWqlfV0esE0CkHehO5IEF9rd769+dfuGEAJAzrz+/6Q3PhS0bWDYiT68z1H8Ag==",
      "license": "MIT",
      "peer": true,
      "dependencies": {
        "tslib": "^2.3.0"
      },
      "engines": {
        "node": "^20.19.0 || ^22.12.0 || >=24.0.0"
      },
      "peerDependencies": {
        "@angular/compiler": "21.2.11",
        "rxjs": "^6.5.3 || ^7.4.0",
        "zone.js": "~0.15.0 || ~0.16.0"
      },
      "peerDependenciesMeta": {
        "@angular/compiler": {
          "optional": true
        },
        "zone.js": {
          "optional": true
        }
      }
    },
    "node_modules/@angular/elements": {
      "version": "21.2.11",
      "resolved": "https://registry.npmjs.org/@angular/elements/-/elements-21.2.11.tgz",
      "integrity": "sha512-7pQNZxJQ7Ojs70hfrMb90rgWehuAogsYcYG9MOUZWUq45OAiUNLHn37KXq/Jl0y/OpDjKi2qT9N/lmOrkT3tpA==",
      "license": "MIT",
      "peer": true,
      "dependencies": {
        "tslib": "^2.3.0"
      },
      "engines": {
        "node": "^20.19.0 || ^22.12.0 || >=24.0.0"
      },
      "peerDependencies": {
        "@angular/core": "21.2.11",
        "rxjs": "^6.5.3 || ^7.4.0"
      }
    },
    "node_modules/@angular/platform-browser": {
      "version": "21.2.11",
      "resolved": "https://registry.npmjs.org/@angular/platform-browser/-/platform-browser-21.2.11.tgz",
      "integrity": "sha512-Uz/KwGjSEvbE8J9kNSSetzxhBWjCXv9OuxH1w2WkW6jLNU3vgvzuKX7SXDyUys6KJv5TqkClJ9BLeU11QbmJdw==",
      "license": "MIT",
      "peer": true,
      "dependencies": {
        "tslib": "^2.3.0"
      },
      "engines": {
        "node": "^20.19.0 || ^22.12.0 || >=24.0.0"
      },
      "peerDependencies": {
        "@angular/animations": "21.2.11",
        "@angular/common": "21.2.11",
        "@angular/core": "21.2.11"
      },
      "peerDependenciesMeta": {
        "@angular/animations": {
          "optional": true
        }
      }
    },
    "node_modules/@ornery/ui-grid-core": {
      "version": "1.0.0",
      "resolved": "https://registry.npmjs.org/@ornery/ui-grid-core/-/ui-grid-core-0.1.7.tgz",
      "integrity": "sha512-AunugSQDbkCWdzHfWFJV2KCVDdt2SBGOYUfckpv5Y2JS5tdpf3gY8GE3nQsKblmLrM/XI24VB/p5h27Ifsttsg=="
    },
    "node_modules/entities": {
      "version": "8.0.0",
      "resolved": "https://registry.npmjs.org/entities/-/entities-8.0.0.tgz",
      "integrity": "sha512-zwfzJecQ/Uej6tusMqwAqU/6KL2XaB2VZ2Jg54Je6ahNBGNH6Ek6g3jjNCF0fG9EWQKGZNddNjU5F1ZQn/sBnA==",
      "license": "BSD-2-Clause",
      "peer": true,
      "engines": {
        "node": ">=20.19.0"
      },
      "funding": {
        "url": "https://github.com/fb55/entities?sponsor=1"
      }
    },
    "node_modules/parse5": {
      "version": "8.0.1",
      "resolved": "https://registry.npmjs.org/parse5/-/parse5-8.0.1.tgz",
      "integrity": "sha512-z1e/HMG90obSGeidlli3hj7cbocou0/wa5HacvI3ASx34PecNjNQeaHNo5WIZpWofN9kgkqV1q5YvXe3F0FoPw==",
      "license": "MIT",
      "peer": true,
      "dependencies": {
        "entities": "^8.0.0"
      },
      "funding": {
        "url": "https://github.com/inikulin/parse5?sponsor=1"
      }
    },
    "node_modules/rxjs": {
      "version": "7.8.2",
      "resolved": "https://registry.npmjs.org/rxjs/-/rxjs-7.8.2.tgz",
      "integrity": "sha512-dhKf903U/PQZY6boNNtAGdWbG85WAbjT/1xYoZIC7FAY0yWapOBQVsVrDl58W86//e1VpMNBtRV4MaXfdMySFA==",
      "license": "Apache-2.0",
      "peer": true,
      "dependencies": {
        "tslib": "^2.1.0"
      }
    },
    "node_modules/tslib": {
      "version": "2.8.1",
      "resolved": "https://registry.npmjs.org/tslib/-/tslib-2.8.1.tgz",
      "integrity": "sha512-oJFu94HQb+KVduSUQL7wnpmqnfmLsOA/nAh6b6EH0wCEoK0/mPeXU6c3wKDV83MkOuHPRHtSXKKU99IBazS/2w==",
      "license": "0BSD",
      "peer": true
    }
  }
}
